// !$*UTF8*$!
{
	archiveVersion = 1;
	classes = {
	};
	objectVersion = 46;
	objects = {

/* Begin PBXBuildFile section */
		8D2580FE19D40C3A00E8FD15 /* base64.c in Sources */ = {isa = PBXBuildFile; fileRef = 8D2580EC19D40C3A00E8FD15 /* base64.c */; };
		8D2580FF19D40C3A00E8FD15 /* base64.h in Headers */ = {isa = PBXBuildFile; fileRef = 8D2580ED19D40C3A00E8FD15 /* base64.h */; };
		8D25810019D40C3A00E8FD15 /* CByteBuffer.c in Sources */ = {isa = PBXBuildFile; fileRef = 8D2580EF19D40C3A00E8FD15 /* CByteBuffer.c */; };
		8D25810119D40C3A00E8FD15 /* CByteBuffer.h in Headers */ = {isa = PBXBuildFile; fileRef = 8D2580F019D40C3A00E8FD15 /* CByteBuffer.h */; };
		8D25810219D40C3A00E8FD15 /* CCommon.c in Sources */ = {isa = PBXBuildFile; fileRef = 8D2580F119D40C3A00E8FD15 /* CCommon.c */; };
		8D25810319D40C3A00E8FD15 /* CCommon.h in Headers */ = {isa = PBXBuildFile; fileRef = 8D2580F219D40C3A00E8FD15 /* CCommon.h */; };
		8D25810419D40C3A00E8FD15 /* avl.c in Sources */ = {isa = PBXBuildFile; fileRef = 8D2580F419D40C3A00E8FD15 /* avl.c */; };
		8D25810519D40C3A00E8FD15 /* avl.h in Headers */ = {isa = PBXBuildFile; fileRef = 8D2580F519D40C3A00E8FD15 /* avl.h */; };
		8D25810619D40C3A00E8FD15 /* CVector.c in Sources */ = {isa = PBXBuildFile; fileRef = 8D2580F619D40C3A00E8FD15 /* CVector.c */; };
		8D25810719D40C3A00E8FD15 /* CVector.h in Headers */ = {isa = PBXBuildFile; fileRef = 8D2580F719D40C3A00E8FD15 /* CVector.h */; };
		8D25810819D40C3A00E8FD15 /* cpuid.h in Headers */ = {isa = PBXBuildFile; fileRef = 8D2580F819D40C3A00E8FD15 /* cpuid.h */; };
		8D25810919D40C3A00E8FD15 /* crc32_sse.c in Sources */ = {isa = PBXBuildFile; fileRef = 8D2580FA19D40C3A00E8FD15 /* crc32_sse.c */; };
		8D25810A19D40C3A00E8FD15 /* crc32_sse.h in Headers */ = {isa = PBXBuildFile; fileRef = 8D2580FB19D40C3A00E8FD15 /* crc32_sse.h */; };
		8D25810B19D40C3A00E8FD15 /* CLog.h in Headers */ = {isa = PBXBuildFile; fileRef = 8D2580FD19D40C3A00E8FD15 /* CLog.h */; };
		8D4C833E18AE6C060033604D /* Testing.cpp in Sources */ = {isa = PBXBuildFile; fileRef = 8D4C833C18AE6C060033604D /* Testing.cpp */; };
		8D922D1C1935F1FF004EDA29 /* adler32.c in Sources */ = {isa = PBXBuildFile; fileRef = 8D922D051935F1FF004EDA29 /* adler32.c */; };
		8D922D1D1935F1FF004EDA29 /* compress.c in Sources */ = {isa = PBXBuildFile; fileRef = 8D922D061935F1FF004EDA29 /* compress.c */; };
		8D922D1E1935F1FF004EDA29 /* crc32.c in Sources */ = {isa = PBXBuildFile; fileRef = 8D922D071935F1FF004EDA29 /* crc32.c */; };
		8D922D1F1935F1FF004EDA29 /* crc32.h in Headers */ = {isa = PBXBuildFile; fileRef = 8D922D081935F1FF004EDA29 /* crc32.h */; };
		8D922D201935F1FF004EDA29 /* deflate.c in Sources */ = {isa = PBXBuildFile; fileRef = 8D922D091935F1FF004EDA29 /* deflate.c */; };
		8D922D211935F1FF004EDA29 /* deflate.h in Headers */ = {isa = PBXBuildFile; fileRef = 8D922D0A1935F1FF004EDA29 /* deflate.h */; };
		8D922D221935F1FF004EDA29 /* gzclose.c in Sources */ = {isa = PBXBuildFile; fileRef = 8D922D0B1935F1FF004EDA29 /* gzclose.c */; };
		8D922D231935F1FF004EDA29 /* gzguts.h in Headers */ = {isa = PBXBuildFile; fileRef = 8D922D0C1935F1FF004EDA29 /* gzguts.h */; };
		8D922D241935F1FF004EDA29 /* infback.c in Sources */ = {isa = PBXBuildFile; fileRef = 8D922D0D1935F1FF004EDA29 /* infback.c */; };
		8D922D251935F1FF004EDA29 /* inffast.c in Sources */ = {isa = PBXBuildFile; fileRef = 8D922D0E1935F1FF004EDA29 /* inffast.c */; };
		8D922D261935F1FF004EDA29 /* inffast.h in Headers */ = {isa = PBXBuildFile; fileRef = 8D922D0F1935F1FF004EDA29 /* inffast.h */; };
		8D922D271935F1FF004EDA29 /* inffixed.h in Headers */ = {isa = PBXBuildFile; fileRef = 8D922D101935F1FF004EDA29 /* inffixed.h */; };
		8D922D281935F1FF004EDA29 /* inflate.c in Sources */ = {isa = PBXBuildFile; fileRef = 8D922D111935F1FF004EDA29 /* inflate.c */; };
		8D922D291935F1FF004EDA29 /* inflate.h in Headers */ = {isa = PBXBuildFile; fileRef = 8D922D121935F1FF004EDA29 /* inflate.h */; };
		8D922D2A1935F1FF004EDA29 /* inftrees.c in Sources */ = {isa = PBXBuildFile; fileRef = 8D922D131935F1FF004EDA29 /* inftrees.c */; };
		8D922D2B1935F1FF004EDA29 /* inftrees.h in Headers */ = {isa = PBXBuildFile; fileRef = 8D922D141935F1FF004EDA29 /* inftrees.h */; };
		8D922D2C1935F1FF004EDA29 /* trees.c in Sources */ = {isa = PBXBuildFile; fileRef = 8D922D151935F1FF004EDA29 /* trees.c */; };
		8D922D2D1935F1FF004EDA29 /* trees.h in Headers */ = {isa = PBXBuildFile; fileRef = 8D922D161935F1FF004EDA29 /* trees.h */; };
		8D922D2E1935F1FF004EDA29 /* uncompr.c in Sources */ = {isa = PBXBuildFile; fileRef = 8D922D171935F1FF004EDA29 /* uncompr.c */; };
		8D922D2F1935F1FF004EDA29 /* zconf.h in Headers */ = {isa = PBXBuildFile; fileRef = 8D922D181935F1FF004EDA29 /* zconf.h */; };
		8D922D301935F1FF004EDA29 /* zlib.h in Headers */ = {isa = PBXBuildFile; fileRef = 8D922D191935F1FF004EDA29 /* zlib.h */; };
		8D922D311935F1FF004EDA29 /* zutil.c in Sources */ = {isa = PBXBuildFile; fileRef = 8D922D1A1935F1FF004EDA29 /* zutil.c */; };
		8D922D321935F1FF004EDA29 /* zutil.h in Headers */ = {isa = PBXBuildFile; fileRef = 8D922D1B1935F1FF004EDA29 /* zutil.h */; };
		8D922D361935F28D004EDA29 /* IO.cpp in Sources */ = {isa = PBXBuildFile; fileRef = 8D922D341935F28D004EDA29 /* IO.cpp */; };
		8D922D371935F28D004EDA29 /* IO.h in Headers */ = {isa = PBXBuildFile; fileRef = 8D922D351935F28D004EDA29 /* IO.h */; };
		8DE8235E15EF54B800F74908 /* Crypt.cpp in Sources */ = {isa = PBXBuildFile; fileRef = 8DE8232115EF54B800F74908 /* Crypt.cpp */; };
		8DE8235F15EF54B800F74908 /* Crypt.h in Headers */ = {isa = PBXBuildFile; fileRef = 8DE8232215EF54B800F74908 /* Crypt.h */; };
		8DE8236015EF54B800F74908 /* CallBack.cpp in Sources */ = {isa = PBXBuildFile; fileRef = 8DE8232315EF54B800F74908 /* CallBack.cpp */; };
		8DE8236115EF54B800F74908 /* CallBack.h in Headers */ = {isa = PBXBuildFile; fileRef = 8DE8232415EF54B800F74908 /* CallBack.h */; };
		8DE8236215EF54B800F74908 /* CommonFunctions.cpp in Sources */ = {isa = PBXBuildFile; fileRef = 8DE8232515EF54B800F74908 /* CommonFunctions.cpp */; };
		8DE8236315EF54B800F74908 /* CommonFunctions.h in Headers */ = {isa = PBXBuildFile; fileRef = 8DE8232615EF54B800F74908 /* CommonFunctions.h */; };
		8DE8236415EF54B800F74908 /* Config.cpp in Sources */ = {isa = PBXBuildFile; fileRef = 8DE8232815EF54B800F74908 /* Config.cpp */; };
		8DE8236515EF54B800F74908 /* Config.h in Headers */ = {isa = PBXBuildFile; fileRef = 8DE8232915EF54B800F74908 /* Config.h */; };
		8DE8236615EF54B800F74908 /* Defines.cpp in Sources */ = {isa = PBXBuildFile; fileRef = 8DE8232B15EF54B800F74908 /* Defines.cpp */; };
		8DE8236715EF54B800F74908 /* Defines.h in Headers */ = {isa = PBXBuildFile; fileRef = 8DE8232C15EF54B800F74908 /* Defines.h */; };
		8DE8236815EF54B800F74908 /* Enums.h in Headers */ = {isa = PBXBuildFile; fileRef = 8DE8232D15EF54B800F74908 /* Enums.h */; };
		8DE8236915EF54B800F74908 /* Log.cpp in Sources */ = {isa = PBXBuildFile; fileRef = 8DE8232F15EF54B800F74908 /* Log.cpp */; };
		8DE8236A15EF54B800F74908 /* Log.h in Headers */ = {isa = PBXBuildFile; fileRef = 8DE8233015EF54B800F74908 /* Log.h */; };
		8DE8236C15EF54B800F74908 /* BaseSocket.h in Headers */ = {isa = PBXBuildFile; fileRef = 8DE8233315EF54B800F74908 /* BaseSocket.h */; };
		8DE8236D15EF54B800F74908 /* CircularBuffer.cpp in Sources */ = {isa = PBXBuildFile; fileRef = 8DE8233415EF54B800F74908 /* CircularBuffer.cpp */; };
		8DE8236E15EF54B800F74908 /* CircularBuffer.h in Headers */ = {isa = PBXBuildFile; fileRef = 8DE8233515EF54B800F74908 /* CircularBuffer.h */; };
		8DE8236F15EF54B800F74908 /* ListenSocketLinux.h in Headers */ = {isa = PBXBuildFile; fileRef = 8DE8233615EF54B800F74908 /* ListenSocketLinux.h */; };
		8DE8237015EF54B800F74908 /* ListenSocketWin32.h in Headers */ = {isa = PBXBuildFile; fileRef = 8DE8233715EF54B800F74908 /* ListenSocketWin32.h */; };
		8DE8237115EF54B800F74908 /* Network.h in Headers */ = {isa = PBXBuildFile; fileRef = 8DE8233815EF54B800F74908 /* Network.h */; };
		8DE8237215EF54B800F74908 /* SocketDefines.h in Headers */ = {isa = PBXBuildFile; fileRef = 8DE8233915EF54B800F74908 /* SocketDefines.h */; };
		8DE8237315EF54B800F74908 /* SocketGarbageCollector.cpp in Sources */ = {isa = PBXBuildFile; fileRef = 8DE8233A15EF54B800F74908 /* SocketGarbageCollector.cpp */; };
		8DE8237415EF54B800F74908 /* SocketGarbageCollector.h in Headers */ = {isa = PBXBuildFile; fileRef = 8DE8233B15EF54B800F74908 /* SocketGarbageCollector.h */; };
		8DE8237515EF54B800F74908 /* SocketLinux.cpp in Sources */ = {isa = PBXBuildFile; fileRef = 8DE8233C15EF54B800F74908 /* SocketLinux.cpp */; };
		8DE8237615EF54B800F74908 /* SocketLinux.h in Headers */ = {isa = PBXBuildFile; fileRef = 8DE8233D15EF54B800F74908 /* SocketLinux.h */; };
		8DE8237715EF54B800F74908 /* SocketMac.cpp in Sources */ = {isa = PBXBuildFile; fileRef = 8DE8233E15EF54B800F74908 /* SocketMac.cpp */; };
		8DE8237815EF54B800F74908 /* SocketMac.h in Headers */ = {isa = PBXBuildFile; fileRef = 8DE8233F15EF54B800F74908 /* SocketMac.h */; };
		8DE8237915EF54B800F74908 /* SocketMgrLinux.cpp in Sources */ = {isa = PBXBuildFile; fileRef = 8DE8234015EF54B800F74908 /* SocketMgrLinux.cpp */; };
		8DE8237A15EF54B800F74908 /* SocketMgrLinux.h in Headers */ = {isa = PBXBuildFile; fileRef = 8DE8234115EF54B800F74908 /* SocketMgrLinux.h */; };
		8DE8237B15EF54B800F74908 /* SocketMgrMac.cpp in Sources */ = {isa = PBXBuildFile; fileRef = 8DE8234215EF54B800F74908 /* SocketMgrMac.cpp */; };
		8DE8237C15EF54B800F74908 /* SocketMgrMac.h in Headers */ = {isa = PBXBuildFile; fileRef = 8DE8234315EF54B800F74908 /* SocketMgrMac.h */; };
		8DE8237D15EF54B800F74908 /* SocketMgrWin32.cpp in Sources */ = {isa = PBXBuildFile; fileRef = 8DE8234415EF54B800F74908 /* SocketMgrWin32.cpp */; };
		8DE8237E15EF54B800F74908 /* SocketMgrWin32.h in Headers */ = {isa = PBXBuildFile; fileRef = 8DE8234515EF54B800F74908 /* SocketMgrWin32.h */; };
		8DE8237F15EF54B800F74908 /* SocketOps.h in Headers */ = {isa = PBXBuildFile; fileRef = 8DE8234615EF54B800F74908 /* SocketOps.h */; };
		8DE8238015EF54B800F74908 /* SocketOpsLinux.cpp in Sources */ = {isa = PBXBuildFile; fileRef = 8DE8234715EF54B800F74908 /* SocketOpsLinux.cpp */; };
		8DE8238115EF54B800F74908 /* SocketOpsWin32.cpp in Sources */ = {isa = PBXBuildFile; fileRef = 8DE8234815EF54B800F74908 /* SocketOpsWin32.cpp */; };
		8DE8238215EF54B800F74908 /* SocketWindows.cpp in Sources */ = {isa = PBXBuildFile; fileRef = 8DE8234915EF54B800F74908 /* SocketWindows.cpp */; };
		8DE8238315EF54B800F74908 /* SocketWindows.h in Headers */ = {isa = PBXBuildFile; fileRef = 8DE8234A15EF54B800F74908 /* SocketWindows.h */; };
		8DE8238415EF54B800F74908 /* ByteBuffer.h in Headers */ = {isa = PBXBuildFile; fileRef = 8DE8234C15EF54B800F74908 /* ByteBuffer.h */; };
		8DE8238515EF54B800F74908 /* GeewaPacket.cpp in Sources */ = {isa = PBXBuildFile; fileRef = 8DE8234D15EF54B800F74908 /* GeewaPacket.cpp */; };
		8DE8238615EF54B800F74908 /* GeewaPacket.h in Headers */ = {isa = PBXBuildFile; fileRef = 8DE8234E15EF54B800F74908 /* GeewaPacket.h */; };
		8DE8238715EF54B800F74908 /* Packets.h in Headers */ = {isa = PBXBuildFile; fileRef = 8DE8234F15EF54B800F74908 /* Packets.h */; };
		8DE8238815EF54B800F74908 /* StackBuffer.h in Headers */ = {isa = PBXBuildFile; fileRef = 8DE8235015EF54B800F74908 /* StackBuffer.h */; };
		8DE8238B15EF54B800F74908 /* Singleton.h in Headers */ = {isa = PBXBuildFile; fileRef = 8DE8235415EF54B800F74908 /* Singleton.h */; };
		8DE8238D15EF54B800F74908 /* LockingPtr.h in Headers */ = {isa = PBXBuildFile; fileRef = 8DE8235715EF54B800F74908 /* LockingPtr.h */; };
		8DE8239015EF54B800F74908 /* ThreadContext.h in Headers */ = {isa = PBXBuildFile; fileRef = 8DE8235A15EF54B800F74908 /* ThreadContext.h */; };
		8DE8239115EF54B800F74908 /* Threading.h in Headers */ = {isa = PBXBuildFile; fileRef = 8DE8235B15EF54B800F74908 /* Threading.h */; };
		8DE8239215EF54B800F74908 /* ThreadPool.cpp in Sources */ = {isa = PBXBuildFile; fileRef = 8DE8235C15EF54B800F74908 /* ThreadPool.cpp */; };
		8DE8239315EF54B800F74908 /* ThreadPool.h in Headers */ = {isa = PBXBuildFile; fileRef = 8DE8235D15EF54B800F74908 /* ThreadPool.h */; };
		8DE823A315EF55E200F74908 /* libshared.a in Frameworks */ = {isa = PBXBuildFile; fileRef = 8DE8231615EF544700F74908 /* libshared.a */; };
		8DE823A415EF560300F74908 /* main.cpp in Sources */ = {isa = PBXBuildFile; fileRef = 8DE8231B15EF546F00F74908 /* main.cpp */; };
		8DE823A715EF565700F74908 /* ClientSocket.cpp in Sources */ = {isa = PBXBuildFile; fileRef = 8DE823A515EF565700F74908 /* ClientSocket.cpp */; };
		8DE823AA15EF593800F74908 /* Launcher.cpp in Sources */ = {isa = PBXBuildFile; fileRef = 8DE823A815EF593800F74908 /* Launcher.cpp */; };
		8DFC6C47165CF8770084470D /* libtbb_debug.dylib in Frameworks */ = {isa = PBXBuildFile; fileRef = 8DFC6C45165CF8770084470D /* libtbb_debug.dylib */; };
		8DFC6C48165CF8770084470D /* libtbbmalloc_debug.dylib in Frameworks */ = {isa = PBXBuildFile; fileRef = 8DFC6C46165CF8770084470D /* libtbbmalloc_debug.dylib */; };
		8DFC6C49165CF97A0084470D /* libtbb_debug.dylib in CopyFiles */ = {isa = PBXBuildFile; fileRef = 8DFC6C45165CF8770084470D /* libtbb_debug.dylib */; };
		8DFC6C4A165CF97A0084470D /* libtbbmalloc_debug.dylib in CopyFiles */ = {isa = PBXBuildFile; fileRef = 8DFC6C46165CF8770084470D /* libtbbmalloc_debug.dylib */; };
/* End PBXBuildFile section */

/* Begin PBXCopyFilesBuildPhase section */
		8DE8239715EF55DA00F74908 /* CopyFiles */ = {
			isa = PBXCopyFilesBuildPhase;
			buildActionMask = 12;
			dstPath = "";
			dstSubfolderSpec = 16;
			files = (
				8DFC6C49165CF97A0084470D /* libtbb_debug.dylib in CopyFiles */,
				8DFC6C4A165CF97A0084470D /* libtbbmalloc_debug.dylib in CopyFiles */,
			);
			runOnlyForDeploymentPostprocessing = 0;
		};
/* End PBXCopyFilesBuildPhase section */

/* Begin PBXFileReference section */
		8D2580EC19D40C3A00E8FD15 /* base64.c */ = {isa = PBXFileReference; fileEncoding = 4; lastKnownFileType = sourcecode.c.c; path = base64.c; sourceTree = "<group>"; };
		8D2580ED19D40C3A00E8FD15 /* base64.h */ = {isa = PBXFileReference; fileEncoding = 4; lastKnownFileType = sourcecode.c.h; path = base64.h; sourceTree = "<group>"; };
		8D2580EF19D40C3A00E8FD15 /* CByteBuffer.c */ = {isa = PBXFileReference; fileEncoding = 4; lastKnownFileType = sourcecode.c.c; path = CByteBuffer.c; sourceTree = "<group>"; };
		8D2580F019D40C3A00E8FD15 /* CByteBuffer.h */ = {isa = PBXFileReference; fileEncoding = 4; lastKnownFileType = sourcecode.c.h; path = CByteBuffer.h; sourceTree = "<group>"; };
		8D2580F119D40C3A00E8FD15 /* CCommon.c */ = {isa = PBXFileReference; fileEncoding = 4; lastKnownFileType = sourcecode.c.c; path = CCommon.c; sourceTree = "<group>"; };
		8D2580F219D40C3A00E8FD15 /* CCommon.h */ = {isa = PBXFileReference; fileEncoding = 4; lastKnownFileType = sourcecode.c.h; path = CCommon.h; sourceTree = "<group>"; };
		8D2580F419D40C3A00E8FD15 /* avl.c */ = {isa = PBXFileReference; fileEncoding = 4; lastKnownFileType = sourcecode.c.c; path = avl.c; sourceTree = "<group>"; };
		8D2580F519D40C3A00E8FD15 /* avl.h */ = {isa = PBXFileReference; fileEncoding = 4; lastKnownFileType = sourcecode.c.h; path = avl.h; sourceTree = "<group>"; };
		8D2580F619D40C3A00E8FD15 /* CVector.c */ = {isa = PBXFileReference; fileEncoding = 4; lastKnownFileType = sourcecode.c.c; path = CVector.c; sourceTree = "<group>"; };
		8D2580F719D40C3A00E8FD15 /* CVector.h */ = {isa = PBXFileReference; fileEncoding = 4; lastKnownFileType = sourcecode.c.h; path = CVector.h; sourceTree = "<group>"; };
		8D2580F819D40C3A00E8FD15 /* cpuid.h */ = {isa = PBXFileReference; fileEncoding = 4; lastKnownFileType = sourcecode.c.h; path = cpuid.h; sourceTree = "<group>"; };
		8D2580FA19D40C3A00E8FD15 /* crc32_sse.c */ = {isa = PBXFileReference; fileEncoding = 4; lastKnownFileType = sourcecode.c.c; path = crc32_sse.c; sourceTree = "<group>"; };
		8D2580FB19D40C3A00E8FD15 /* crc32_sse.h */ = {isa = PBXFileReference; fileEncoding = 4; lastKnownFileType = sourcecode.c.h; path = crc32_sse.h; sourceTree = "<group>"; };
		8D2580FD19D40C3A00E8FD15 /* CLog.h */ = {isa = PBXFileReference; fileEncoding = 4; lastKnownFileType = sourcecode.c.h; path = CLog.h; sourceTree = "<group>"; };
		8D4C833C18AE6C060033604D /* Testing.cpp */ = {isa = PBXFileReference; fileEncoding = 4; lastKnownFileType = sourcecode.cpp.cpp; name = Testing.cpp; path = ../../src/tester/Testing.cpp; sourceTree = "<group>"; };
		8D4C833D18AE6C060033604D /* Testing.h */ = {isa = PBXFileReference; fileEncoding = 4; lastKnownFileType = sourcecode.c.h; name = Testing.h; path = ../../src/tester/Testing.h; sourceTree = "<group>"; };
		8D922D051935F1FF004EDA29 /* adler32.c */ = {isa = PBXFileReference; fileEncoding = 4; lastKnownFileType = sourcecode.c.c; path = adler32.c; sourceTree = "<group>"; };
		8D922D061935F1FF004EDA29 /* compress.c */ = {isa = PBXFileReference; fileEncoding = 4; lastKnownFileType = sourcecode.c.c; path = compress.c; sourceTree = "<group>"; };
		8D922D071935F1FF004EDA29 /* crc32.c */ = {isa = PBXFileReference; fileEncoding = 4; lastKnownFileType = sourcecode.c.c; path = crc32.c; sourceTree = "<group>"; };
		8D922D081935F1FF004EDA29 /* crc32.h */ = {isa = PBXFileReference; fileEncoding = 4; lastKnownFileType = sourcecode.c.h; path = crc32.h; sourceTree = "<group>"; };
		8D922D091935F1FF004EDA29 /* deflate.c */ = {isa = PBXFileReference; fileEncoding = 4; lastKnownFileType = sourcecode.c.c; path = deflate.c; sourceTree = "<group>"; };
		8D922D0A1935F1FF004EDA29 /* deflate.h */ = {isa = PBXFileReference; fileEncoding = 4; lastKnownFileType = sourcecode.c.h; path = deflate.h; sourceTree = "<group>"; };
		8D922D0B1935F1FF004EDA29 /* gzclose.c */ = {isa = PBXFileReference; fileEncoding = 4; lastKnownFileType = sourcecode.c.c; path = gzclose.c; sourceTree = "<group>"; };
		8D922D0C1935F1FF004EDA29 /* gzguts.h */ = {isa = PBXFileReference; fileEncoding = 4; lastKnownFileType = sourcecode.c.h; path = gzguts.h; sourceTree = "<group>"; };
		8D922D0D1935F1FF004EDA29 /* infback.c */ = {isa = PBXFileReference; fileEncoding = 4; lastKnownFileType = sourcecode.c.c; path = infback.c; sourceTree = "<group>"; };
		8D922D0E1935F1FF004EDA29 /* inffast.c */ = {isa = PBXFileReference; fileEncoding = 4; lastKnownFileType = sourcecode.c.c; path = inffast.c; sourceTree = "<group>"; };
		8D922D0F1935F1FF004EDA29 /* inffast.h */ = {isa = PBXFileReference; fileEncoding = 4; lastKnownFileType = sourcecode.c.h; path = inffast.h; sourceTree = "<group>"; };
		8D922D101935F1FF004EDA29 /* inffixed.h */ = {isa = PBXFileReference; fileEncoding = 4; lastKnownFileType = sourcecode.c.h; path = inffixed.h; sourceTree = "<group>"; };
		8D922D111935F1FF004EDA29 /* inflate.c */ = {isa = PBXFileReference; fileEncoding = 4; lastKnownFileType = sourcecode.c.c; path = inflate.c; sourceTree = "<group>"; };
		8D922D121935F1FF004EDA29 /* inflate.h */ = {isa = PBXFileReference; fileEncoding = 4; lastKnownFileType = sourcecode.c.h; path = inflate.h; sourceTree = "<group>"; };
		8D922D131935F1FF004EDA29 /* inftrees.c */ = {isa = PBXFileReference; fileEncoding = 4; lastKnownFileType = sourcecode.c.c; path = inftrees.c; sourceTree = "<group>"; };
		8D922D141935F1FF004EDA29 /* inftrees.h */ = {isa = PBXFileReference; fileEncoding = 4; lastKnownFileType = sourcecode.c.h; path = inftrees.h; sourceTree = "<group>"; };
		8D922D151935F1FF004EDA29 /* trees.c */ = {isa = PBXFileReference; fileEncoding = 4; lastKnownFileType = sourcecode.c.c; path = trees.c; sourceTree = "<group>"; };
		8D922D161935F1FF004EDA29 /* trees.h */ = {isa = PBXFileReference; fileEncoding = 4; lastKnownFileType = sourcecode.c.h; path = trees.h; sourceTree = "<group>"; };
		8D922D171935F1FF004EDA29 /* uncompr.c */ = {isa = PBXFileReference; fileEncoding = 4; lastKnownFileType = sourcecode.c.c; path = uncompr.c; sourceTree = "<group>"; };
		8D922D181935F1FF004EDA29 /* zconf.h */ = {isa = PBXFileReference; fileEncoding = 4; lastKnownFileType = sourcecode.c.h; path = zconf.h; sourceTree = "<group>"; };
		8D922D191935F1FF004EDA29 /* zlib.h */ = {isa = PBXFileReference; fileEncoding = 4; lastKnownFileType = sourcecode.c.h; path = zlib.h; sourceTree = "<group>"; };
		8D922D1A1935F1FF004EDA29 /* zutil.c */ = {isa = PBXFileReference; fileEncoding = 4; lastKnownFileType = sourcecode.c.c; path = zutil.c; sourceTree = "<group>"; };
		8D922D1B1935F1FF004EDA29 /* zutil.h */ = {isa = PBXFileReference; fileEncoding = 4; lastKnownFileType = sourcecode.c.h; path = zutil.h; sourceTree = "<group>"; };
		8D922D341935F28D004EDA29 /* IO.cpp */ = {isa = PBXFileReference; fileEncoding = 4; lastKnownFileType = sourcecode.cpp.cpp; path = IO.cpp; sourceTree = "<group>"; };
		8D922D351935F28D004EDA29 /* IO.h */ = {isa = PBXFileReference; fileEncoding = 4; lastKnownFileType = sourcecode.c.h; path = IO.h; sourceTree = "<group>"; };
		8DE8231615EF544700F74908 /* libshared.a */ = {isa = PBXFileReference; explicitFileType = archive.ar; includeInIndex = 0; path = libshared.a; sourceTree = BUILT_PRODUCTS_DIR; };
		8DE8231B15EF546F00F74908 /* main.cpp */ = {isa = PBXFileReference; fileEncoding = 4; lastKnownFileType = sourcecode.cpp.cpp; name = main.cpp; path = ../../src/tester/main.cpp; sourceTree = "<group>"; };
		8DE8231C15EF546F00F74908 /* main.h */ = {isa = PBXFileReference; fileEncoding = 4; lastKnownFileType = sourcecode.c.h; name = main.h; path = ../../src/tester/main.h; sourceTree = "<group>"; };
		8DE8232115EF54B800F74908 /* Crypt.cpp */ = {isa = PBXFileReference; fileEncoding = 4; lastKnownFileType = sourcecode.cpp.cpp; path = Crypt.cpp; sourceTree = "<group>"; };
		8DE8232215EF54B800F74908 /* Crypt.h */ = {isa = PBXFileReference; fileEncoding = 4; lastKnownFileType = sourcecode.c.h; path = Crypt.h; sourceTree = "<group>"; };
		8DE8232315EF54B800F74908 /* CallBack.cpp */ = {isa = PBXFileReference; fileEncoding = 4; lastKnownFileType = sourcecode.cpp.cpp; name = CallBack.cpp; path = ../src/shared/CallBack.cpp; sourceTree = "<group>"; };
		8DE8232415EF54B800F74908 /* CallBack.h */ = {isa = PBXFileReference; fileEncoding = 4; lastKnownFileType = sourcecode.c.h; name = CallBack.h; path = ../src/shared/CallBack.h; sourceTree = "<group>"; };
		8DE8232515EF54B800F74908 /* CommonFunctions.cpp */ = {isa = PBXFileReference; fileEncoding = 4; lastKnownFileType = sourcecode.cpp.cpp; name = CommonFunctions.cpp; path = ../src/shared/CommonFunctions.cpp; sourceTree = "<group>"; };
		8DE8232615EF54B800F74908 /* CommonFunctions.h */ = {isa = PBXFileReference; fileEncoding = 4; lastKnownFileType = sourcecode.c.h; name = CommonFunctions.h; path = ../src/shared/CommonFunctions.h; sourceTree = "<group>"; };
		8DE8232815EF54B800F74908 /* Config.cpp */ = {isa = PBXFileReference; fileEncoding = 4; lastKnownFileType = sourcecode.cpp.cpp; path = Config.cpp; sourceTree = "<group>"; };
		8DE8232915EF54B800F74908 /* Config.h */ = {isa = PBXFileReference; fileEncoding = 4; lastKnownFileType = sourcecode.c.h; path = Config.h; sourceTree = "<group>"; };
		8DE8232B15EF54B800F74908 /* Defines.cpp */ = {isa = PBXFileReference; fileEncoding = 4; lastKnownFileType = sourcecode.cpp.cpp; name = Defines.cpp; path = ../src/shared/Defines.cpp; sourceTree = "<group>"; };
		8DE8232C15EF54B800F74908 /* Defines.h */ = {isa = PBXFileReference; fileEncoding = 4; lastKnownFileType = sourcecode.c.h; name = Defines.h; path = ../src/shared/Defines.h; sourceTree = "<group>"; };
		8DE8232D15EF54B800F74908 /* Enums.h */ = {isa = PBXFileReference; fileEncoding = 4; lastKnownFileType = sourcecode.c.h; name = Enums.h; path = ../src/shared/Enums.h; sourceTree = "<group>"; };
		8DE8232F15EF54B800F74908 /* Log.cpp */ = {isa = PBXFileReference; fileEncoding = 4; lastKnownFileType = sourcecode.cpp.cpp; path = Log.cpp; sourceTree = "<group>"; };
		8DE8233015EF54B800F74908 /* Log.h */ = {isa = PBXFileReference; fileEncoding = 4; lastKnownFileType = sourcecode.c.h; path = Log.h; sourceTree = "<group>"; };
		8DE8233315EF54B800F74908 /* BaseSocket.h */ = {isa = PBXFileReference; fileEncoding = 4; lastKnownFileType = sourcecode.c.h; path = BaseSocket.h; sourceTree = "<group>"; };
		8DE8233415EF54B800F74908 /* CircularBuffer.cpp */ = {isa = PBXFileReference; fileEncoding = 4; lastKnownFileType = sourcecode.cpp.cpp; path = CircularBuffer.cpp; sourceTree = "<group>"; };
		8DE8233515EF54B800F74908 /* CircularBuffer.h */ = {isa = PBXFileReference; fileEncoding = 4; lastKnownFileType = sourcecode.c.h; path = CircularBuffer.h; sourceTree = "<group>"; };
		8DE8233615EF54B800F74908 /* ListenSocketLinux.h */ = {isa = PBXFileReference; fileEncoding = 4; lastKnownFileType = sourcecode.c.h; path = ListenSocketLinux.h; sourceTree = "<group>"; };
		8DE8233715EF54B800F74908 /* ListenSocketWin32.h */ = {isa = PBXFileReference; fileEncoding = 4; lastKnownFileType = sourcecode.c.h; path = ListenSocketWin32.h; sourceTree = "<group>"; };
		8DE8233815EF54B800F74908 /* Network.h */ = {isa = PBXFileReference; fileEncoding = 4; lastKnownFileType = sourcecode.c.h; path = Network.h; sourceTree = "<group>"; };
		8DE8233915EF54B800F74908 /* SocketDefines.h */ = {isa = PBXFileReference; fileEncoding = 4; lastKnownFileType = sourcecode.c.h; path = SocketDefines.h; sourceTree = "<group>"; };
		8DE8233A15EF54B800F74908 /* SocketGarbageCollector.cpp */ = {isa = PBXFileReference; fileEncoding = 4; lastKnownFileType = sourcecode.cpp.cpp; path = SocketGarbageCollector.cpp; sourceTree = "<group>"; };
		8DE8233B15EF54B800F74908 /* SocketGarbageCollector.h */ = {isa = PBXFileReference; fileEncoding = 4; lastKnownFileType = sourcecode.c.h; path = SocketGarbageCollector.h; sourceTree = "<group>"; };
		8DE8233C15EF54B800F74908 /* SocketLinux.cpp */ = {isa = PBXFileReference; fileEncoding = 4; lastKnownFileType = sourcecode.cpp.cpp; path = SocketLinux.cpp; sourceTree = "<group>"; };
		8DE8233D15EF54B800F74908 /* SocketLinux.h */ = {isa = PBXFileReference; fileEncoding = 4; lastKnownFileType = sourcecode.c.h; path = SocketLinux.h; sourceTree = "<group>"; };
		8DE8233E15EF54B800F74908 /* SocketMac.cpp */ = {isa = PBXFileReference; fileEncoding = 4; lastKnownFileType = sourcecode.cpp.cpp; path = SocketMac.cpp; sourceTree = "<group>"; };
		8DE8233F15EF54B800F74908 /* SocketMac.h */ = {isa = PBXFileReference; fileEncoding = 4; lastKnownFileType = sourcecode.c.h; path = SocketMac.h; sourceTree = "<group>"; };
		8DE8234015EF54B800F74908 /* SocketMgrLinux.cpp */ = {isa = PBXFileReference; fileEncoding = 4; lastKnownFileType = sourcecode.cpp.cpp; path = SocketMgrLinux.cpp; sourceTree = "<group>"; };
		8DE8234115EF54B800F74908 /* SocketMgrLinux.h */ = {isa = PBXFileReference; fileEncoding = 4; lastKnownFileType = sourcecode.c.h; path = SocketMgrLinux.h; sourceTree = "<group>"; };
		8DE8234215EF54B800F74908 /* SocketMgrMac.cpp */ = {isa = PBXFileReference; fileEncoding = 4; lastKnownFileType = sourcecode.cpp.cpp; path = SocketMgrMac.cpp; sourceTree = "<group>"; };
		8DE8234315EF54B800F74908 /* SocketMgrMac.h */ = {isa = PBXFileReference; fileEncoding = 4; lastKnownFileType = sourcecode.c.h; path = SocketMgrMac.h; sourceTree = "<group>"; };
		8DE8234415EF54B800F74908 /* SocketMgrWin32.cpp */ = {isa = PBXFileReference; fileEncoding = 4; lastKnownFileType = sourcecode.cpp.cpp; path = SocketMgrWin32.cpp; sourceTree = "<group>"; };
		8DE8234515EF54B800F74908 /* SocketMgrWin32.h */ = {isa = PBXFileReference; fileEncoding = 4; lastKnownFileType = sourcecode.c.h; path = SocketMgrWin32.h; sourceTree = "<group>"; };
		8DE8234615EF54B800F74908 /* SocketOps.h */ = {isa = PBXFileReference; fileEncoding = 4; lastKnownFileType = sourcecode.c.h; path = SocketOps.h; sourceTree = "<group>"; };
		8DE8234715EF54B800F74908 /* SocketOpsLinux.cpp */ = {isa = PBXFileReference; fileEncoding = 4; lastKnownFileType = sourcecode.cpp.cpp; path = SocketOpsLinux.cpp; sourceTree = "<group>"; };
		8DE8234815EF54B800F74908 /* SocketOpsWin32.cpp */ = {isa = PBXFileReference; fileEncoding = 4; lastKnownFileType = sourcecode.cpp.cpp; path = SocketOpsWin32.cpp; sourceTree = "<group>"; };
		8DE8234915EF54B800F74908 /* SocketWindows.cpp */ = {isa = PBXFileReference; fileEncoding = 4; lastKnownFileType = sourcecode.cpp.cpp; path = SocketWindows.cpp; sourceTree = "<group>"; };
		8DE8234A15EF54B800F74908 /* SocketWindows.h */ = {isa = PBXFileReference; fileEncoding = 4; lastKnownFileType = sourcecode.c.h; path = SocketWindows.h; sourceTree = "<group>"; };
		8DE8234C15EF54B800F74908 /* ByteBuffer.h */ = {isa = PBXFileReference; fileEncoding = 4; lastKnownFileType = sourcecode.c.h; path = ByteBuffer.h; sourceTree = "<group>"; };
		8DE8234D15EF54B800F74908 /* GeewaPacket.cpp */ = {isa = PBXFileReference; fileEncoding = 4; lastKnownFileType = sourcecode.cpp.cpp; path = GeewaPacket.cpp; sourceTree = "<group>"; };
		8DE8234E15EF54B800F74908 /* GeewaPacket.h */ = {isa = PBXFileReference; fileEncoding = 4; lastKnownFileType = sourcecode.c.h; path = GeewaPacket.h; sourceTree = "<group>"; };
		8DE8234F15EF54B800F74908 /* Packets.h */ = {isa = PBXFileReference; fileEncoding = 4; lastKnownFileType = sourcecode.c.h; path = Packets.h; sourceTree = "<group>"; };
		8DE8235015EF54B800F74908 /* StackBuffer.h */ = {isa = PBXFileReference; fileEncoding = 4; lastKnownFileType = sourcecode.c.h; path = StackBuffer.h; sourceTree = "<group>"; };
		8DE8235415EF54B800F74908 /* Singleton.h */ = {isa = PBXFileReference; fileEncoding = 4; lastKnownFileType = sourcecode.c.h; name = Singleton.h; path = ../src/shared/Singleton.h; sourceTree = "<group>"; };
		8DE8235715EF54B800F74908 /* LockingPtr.h */ = {isa = PBXFileReference; fileEncoding = 4; lastKnownFileType = sourcecode.c.h; path = LockingPtr.h; sourceTree = "<group>"; };
		8DE8235A15EF54B800F74908 /* ThreadContext.h */ = {isa = PBXFileReference; fileEncoding = 4; lastKnownFileType = sourcecode.c.h; path = ThreadContext.h; sourceTree = "<group>"; };
		8DE8235B15EF54B800F74908 /* Threading.h */ = {isa = PBXFileReference; fileEncoding = 4; lastKnownFileType = sourcecode.c.h; path = Threading.h; sourceTree = "<group>"; };
		8DE8235C15EF54B800F74908 /* ThreadPool.cpp */ = {isa = PBXFileReference; fileEncoding = 4; lastKnownFileType = sourcecode.cpp.cpp; path = ThreadPool.cpp; sourceTree = "<group>"; };
		8DE8235D15EF54B800F74908 /* ThreadPool.h */ = {isa = PBXFileReference; fileEncoding = 4; lastKnownFileType = sourcecode.c.h; path = ThreadPool.h; sourceTree = "<group>"; };
		8DE8239915EF55DA00F74908 /* TransDBTester */ = {isa = PBXFileReference; explicitFileType = "compiled.mach-o.executable"; includeInIndex = 0; path = TransDBTester; sourceTree = BUILT_PRODUCTS_DIR; };
		8DE823A515EF565700F74908 /* ClientSocket.cpp */ = {isa = PBXFileReference; fileEncoding = 4; lastKnownFileType = sourcecode.cpp.cpp; name = ClientSocket.cpp; path = ../../src/tester/ClientSocket.cpp; sourceTree = "<group>"; };
		8DE823A615EF565700F74908 /* ClientSocket.h */ = {isa = PBXFileReference; fileEncoding = 4; lastKnownFileType = sourcecode.c.h; name = ClientSocket.h; path = ../../src/tester/ClientSocket.h; sourceTree = "<group>"; };
		8DE823A815EF593800F74908 /* Launcher.cpp */ = {isa = PBXFileReference; fileEncoding = 4; lastKnownFileType = sourcecode.cpp.cpp; name = Launcher.cpp; path = ../../src/tester/Launcher.cpp; sourceTree = "<group>"; };
		8DE823A915EF593800F74908 /* Launcher.h */ = {isa = PBXFileReference; fileEncoding = 4; lastKnownFileType = sourcecode.c.h; name = Launcher.h; path = ../../src/tester/Launcher.h; sourceTree = "<group>"; };
		8DFC6C45165CF8770084470D /* libtbb_debug.dylib */ = {isa = PBXFileReference; lastKnownFileType = "compiled.mach-o.dylib"; name = libtbb_debug.dylib; path = ../tbb/lib/libtbb_debug.dylib; sourceTree = "<group>"; };
		8DFC6C46165CF8770084470D /* libtbbmalloc_debug.dylib */ = {isa = PBXFileReference; lastKnownFileType = "compiled.mach-o.dylib"; name = libtbbmalloc_debug.dylib; path = ../tbb/lib/libtbbmalloc_debug.dylib; sourceTree = "<group>"; };
/* End PBXFileReference section */

/* Begin PBXFrameworksBuildPhase section */
		8DE8231315EF544700F74908 /* Frameworks */ = {
			isa = PBXFrameworksBuildPhase;
			buildActionMask = 2147483647;
			files = (
			);
			runOnlyForDeploymentPostprocessing = 0;
		};
		8DE8239615EF55DA00F74908 /* Frameworks */ = {
			isa = PBXFrameworksBuildPhase;
			buildActionMask = 2147483647;
			files = (
				8DFC6C47165CF8770084470D /* libtbb_debug.dylib in Frameworks */,
				8DFC6C48165CF8770084470D /* libtbbmalloc_debug.dylib in Frameworks */,
				8DE823A315EF55E200F74908 /* libshared.a in Frameworks */,
			);
			runOnlyForDeploymentPostprocessing = 0;
		};
/* End PBXFrameworksBuildPhase section */

/* Begin PBXGroup section */
		8D2580EA19D40C3A00E8FD15 /* clib */ = {
			isa = PBXGroup;
			children = (
				8D2580EB19D40C3A00E8FD15 /* base64 */,
				8D2580EE19D40C3A00E8FD15 /* Buffers */,
				8D2580F119D40C3A00E8FD15 /* CCommon.c */,
				8D2580F219D40C3A00E8FD15 /* CCommon.h */,
				8D2580F319D40C3A00E8FD15 /* Containers */,
				8D2580F819D40C3A00E8FD15 /* cpuid.h */,
				8D2580F919D40C3A00E8FD15 /* Crc32 */,
				8D2580FC19D40C3A00E8FD15 /* Log */,
			);
			name = clib;
			path = ../src/shared/clib;
			sourceTree = "<group>";
		};
		8D2580EB19D40C3A00E8FD15 /* base64 */ = {
			isa = PBXGroup;
			children = (
				8D2580EC19D40C3A00E8FD15 /* base64.c */,
				8D2580ED19D40C3A00E8FD15 /* base64.h */,
			);
			path = base64;
			sourceTree = "<group>";
		};
		8D2580EE19D40C3A00E8FD15 /* Buffers */ = {
			isa = PBXGroup;
			children = (
				8D2580EF19D40C3A00E8FD15 /* CByteBuffer.c */,
				8D2580F019D40C3A00E8FD15 /* CByteBuffer.h */,
			);
			path = Buffers;
			sourceTree = "<group>";
		};
		8D2580F319D40C3A00E8FD15 /* Containers */ = {
			isa = PBXGroup;
			children = (
				8D2580F419D40C3A00E8FD15 /* avl.c */,
				8D2580F519D40C3A00E8FD15 /* avl.h */,
				8D2580F619D40C3A00E8FD15 /* CVector.c */,
				8D2580F719D40C3A00E8FD15 /* CVector.h */,
			);
			path = Containers;
			sourceTree = "<group>";
		};
		8D2580F919D40C3A00E8FD15 /* Crc32 */ = {
			isa = PBXGroup;
			children = (
				8D2580FA19D40C3A00E8FD15 /* crc32_sse.c */,
				8D2580FB19D40C3A00E8FD15 /* crc32_sse.h */,
			);
			path = Crc32;
			sourceTree = "<group>";
		};
		8D2580FC19D40C3A00E8FD15 /* Log */ = {
			isa = PBXGroup;
			children = (
				8D2580FD19D40C3A00E8FD15 /* CLog.h */,
			);
			path = Log;
			sourceTree = "<group>";
		};
		8D922D041935F1FF004EDA29 /* zlib */ = {
			isa = PBXGroup;
			children = (
				8D922D051935F1FF004EDA29 /* adler32.c */,
				8D922D061935F1FF004EDA29 /* compress.c */,
				8D922D071935F1FF004EDA29 /* crc32.c */,
				8D922D081935F1FF004EDA29 /* crc32.h */,
				8D922D091935F1FF004EDA29 /* deflate.c */,
				8D922D0A1935F1FF004EDA29 /* deflate.h */,
				8D922D0B1935F1FF004EDA29 /* gzclose.c */,
				8D922D0C1935F1FF004EDA29 /* gzguts.h */,
				8D922D0D1935F1FF004EDA29 /* infback.c */,
				8D922D0E1935F1FF004EDA29 /* inffast.c */,
				8D922D0F1935F1FF004EDA29 /* inffast.h */,
				8D922D101935F1FF004EDA29 /* inffixed.h */,
				8D922D111935F1FF004EDA29 /* inflate.c */,
				8D922D121935F1FF004EDA29 /* inflate.h */,
				8D922D131935F1FF004EDA29 /* inftrees.c */,
				8D922D141935F1FF004EDA29 /* inftrees.h */,
				8D922D151935F1FF004EDA29 /* trees.c */,
				8D922D161935F1FF004EDA29 /* trees.h */,
				8D922D171935F1FF004EDA29 /* uncompr.c */,
				8D922D181935F1FF004EDA29 /* zconf.h */,
				8D922D191935F1FF004EDA29 /* zlib.h */,
				8D922D1A1935F1FF004EDA29 /* zutil.c */,
				8D922D1B1935F1FF004EDA29 /* zutil.h */,
			);
			name = zlib;
			path = ../src/shared/zlib;
			sourceTree = "<group>";
		};
		8D922D331935F28D004EDA29 /* IO */ = {
			isa = PBXGroup;
			children = (
				8D922D341935F28D004EDA29 /* IO.cpp */,
				8D922D351935F28D004EDA29 /* IO.h */,
			);
			name = IO;
			path = ../src/shared/IO;
			sourceTree = "<group>";
		};
		8DE8230015EF542200F74908 = {
			isa = PBXGroup;
			children = (
				8DFC6C45165CF8770084470D /* libtbb_debug.dylib */,
				8DFC6C46165CF8770084470D /* libtbbmalloc_debug.dylib */,
				8DE8239B15EF55DA00F74908 /* TransDBTester */,
				8DE8231F15EF549B00F74908 /* shared */,
				8DE8230C15EF542200F74908 /* Products */,
			);
			sourceTree = "<group>";
		};
		8DE8230C15EF542200F74908 /* Products */ = {
			isa = PBXGroup;
			children = (
				8DE8231615EF544700F74908 /* libshared.a */,
				8DE8239915EF55DA00F74908 /* TransDBTester */,
			);
			name = Products;
			sourceTree = "<group>";
		};
		8DE8231F15EF549B00F74908 /* shared */ = {
			isa = PBXGroup;
			children = (
				8DE8232015EF54B800F74908 /* Auth */,
				8DE8232315EF54B800F74908 /* CallBack.cpp */,
				8DE8232415EF54B800F74908 /* CallBack.h */,
				8D2580EA19D40C3A00E8FD15 /* clib */,
				8DE8232515EF54B800F74908 /* CommonFunctions.cpp */,
				8DE8232615EF54B800F74908 /* CommonFunctions.h */,
				8DE8232715EF54B800F74908 /* Config */,
				8DE8232A15EF54B800F74908 /* Database */,
				8DE8232B15EF54B800F74908 /* Defines.cpp */,
				8DE8232C15EF54B800F74908 /* Defines.h */,
				8DE8232D15EF54B800F74908 /* Enums.h */,
				8D922D331935F28D004EDA29 /* IO */,
				8DE8232E15EF54B800F74908 /* Logs */,
				8DE8233215EF54B800F74908 /* Network */,
				8DE8234B15EF54B800F74908 /* Packets */,
				8DE8235415EF54B800F74908 /* Singleton.h */,
				8DE8235615EF54B800F74908 /* Threading */,
				8D922D041935F1FF004EDA29 /* zlib */,
			);
			name = shared;
			sourceTree = "<group>";
		};
		8DE8232015EF54B800F74908 /* Auth */ = {
			isa = PBXGroup;
			children = (
				8DE8232115EF54B800F74908 /* Crypt.cpp */,
				8DE8232215EF54B800F74908 /* Crypt.h */,
			);
			name = Auth;
			path = ../src/shared/Auth;
			sourceTree = "<group>";
		};
		8DE8232715EF54B800F74908 /* Config */ = {
			isa = PBXGroup;
			children = (
				8DE8232815EF54B800F74908 /* Config.cpp */,
				8DE8232915EF54B800F74908 /* Config.h */,
			);
			name = Config;
			path = ../src/shared/Config;
			sourceTree = "<group>";
		};
		8DE8232A15EF54B800F74908 /* Database */ = {
			isa = PBXGroup;
			children = (
			);
			name = Database;
			path = ../src/shared/Database;
			sourceTree = "<group>";
		};
		8DE8232E15EF54B800F74908 /* Logs */ = {
			isa = PBXGroup;
			children = (
				8DE8232F15EF54B800F74908 /* Log.cpp */,
				8DE8233015EF54B800F74908 /* Log.h */,
			);
			name = Logs;
			path = ../src/shared/Logs;
			sourceTree = "<group>";
		};
		8DE8233215EF54B800F74908 /* Network */ = {
			isa = PBXGroup;
			children = (
				8DE8233315EF54B800F74908 /* BaseSocket.h */,
				8DE8233415EF54B800F74908 /* CircularBuffer.cpp */,
				8DE8233515EF54B800F74908 /* CircularBuffer.h */,
				8DE8233615EF54B800F74908 /* ListenSocketLinux.h */,
				8DE8233715EF54B800F74908 /* ListenSocketWin32.h */,
				8DE8233815EF54B800F74908 /* Network.h */,
				8DE8233915EF54B800F74908 /* SocketDefines.h */,
				8DE8233A15EF54B800F74908 /* SocketGarbageCollector.cpp */,
				8DE8233B15EF54B800F74908 /* SocketGarbageCollector.h */,
				8DE8233C15EF54B800F74908 /* SocketLinux.cpp */,
				8DE8233D15EF54B800F74908 /* SocketLinux.h */,
				8DE8233E15EF54B800F74908 /* SocketMac.cpp */,
				8DE8233F15EF54B800F74908 /* SocketMac.h */,
				8DE8234015EF54B800F74908 /* SocketMgrLinux.cpp */,
				8DE8234115EF54B800F74908 /* SocketMgrLinux.h */,
				8DE8234215EF54B800F74908 /* SocketMgrMac.cpp */,
				8DE8234315EF54B800F74908 /* SocketMgrMac.h */,
				8DE8234415EF54B800F74908 /* SocketMgrWin32.cpp */,
				8DE8234515EF54B800F74908 /* SocketMgrWin32.h */,
				8DE8234615EF54B800F74908 /* SocketOps.h */,
				8DE8234715EF54B800F74908 /* SocketOpsLinux.cpp */,
				8DE8234815EF54B800F74908 /* SocketOpsWin32.cpp */,
				8DE8234915EF54B800F74908 /* SocketWindows.cpp */,
				8DE8234A15EF54B800F74908 /* SocketWindows.h */,
			);
			name = Network;
			path = ../src/shared/Network;
			sourceTree = "<group>";
		};
		8DE8234B15EF54B800F74908 /* Packets */ = {
			isa = PBXGroup;
			children = (
				8DE8234C15EF54B800F74908 /* ByteBuffer.h */,
				8DE8234D15EF54B800F74908 /* GeewaPacket.cpp */,
				8DE8234E15EF54B800F74908 /* GeewaPacket.h */,
				8DE8234F15EF54B800F74908 /* Packets.h */,
				8DE8235015EF54B800F74908 /* StackBuffer.h */,
			);
			name = Packets;
			path = ../src/shared/Packets;
			sourceTree = "<group>";
		};
		8DE8235615EF54B800F74908 /* Threading */ = {
			isa = PBXGroup;
			children = (
				8DE8235715EF54B800F74908 /* LockingPtr.h */,
				8DE8235A15EF54B800F74908 /* ThreadContext.h */,
				8DE8235B15EF54B800F74908 /* Threading.h */,
				8DE8235C15EF54B800F74908 /* ThreadPool.cpp */,
				8DE8235D15EF54B800F74908 /* ThreadPool.h */,
			);
			name = Threading;
			path = ../src/shared/Threading;
			sourceTree = "<group>";
		};
		8DE8239B15EF55DA00F74908 /* TransDBTester */ = {
			isa = PBXGroup;
			children = (
				8DE823A815EF593800F74908 /* Launcher.cpp */,
				8DE823A915EF593800F74908 /* Launcher.h */,
				8DE823A515EF565700F74908 /* ClientSocket.cpp */,
				8DE823A615EF565700F74908 /* ClientSocket.h */,
				8DE8231B15EF546F00F74908 /* main.cpp */,
				8DE8231C15EF546F00F74908 /* main.h */,
				8D4C833C18AE6C060033604D /* Testing.cpp */,
				8D4C833D18AE6C060033604D /* Testing.h */,
			);
			path = TransDBTester;
			sourceTree = "<group>";
		};
/* End PBXGroup section */

/* Begin PBXHeadersBuildPhase section */
		8DE8231415EF544700F74908 /* Headers */ = {
			isa = PBXHeadersBuildPhase;
			buildActionMask = 2147483647;
			files = (
				8DE8235F15EF54B800F74908 /* Crypt.h in Headers */,
				8DE8236115EF54B800F74908 /* CallBack.h in Headers */,
				8DE8236315EF54B800F74908 /* CommonFunctions.h in Headers */,
				8DE8236515EF54B800F74908 /* Config.h in Headers */,
				8DE8236715EF54B800F74908 /* Defines.h in Headers */,
				8D922D301935F1FF004EDA29 /* zlib.h in Headers */,
				8D25810519D40C3A00E8FD15 /* avl.h in Headers */,
				8DE8236815EF54B800F74908 /* Enums.h in Headers */,
				8D922D1F1935F1FF004EDA29 /* crc32.h in Headers */,
				8DE8236A15EF54B800F74908 /* Log.h in Headers */,
				8DE8236C15EF54B800F74908 /* BaseSocket.h in Headers */,
				8DE8236E15EF54B800F74908 /* CircularBuffer.h in Headers */,
				8DE8236F15EF54B800F74908 /* ListenSocketLinux.h in Headers */,
				8DE8237015EF54B800F74908 /* ListenSocketWin32.h in Headers */,
				8DE8237115EF54B800F74908 /* Network.h in Headers */,
				8D25810B19D40C3A00E8FD15 /* CLog.h in Headers */,
				8D922D231935F1FF004EDA29 /* gzguts.h in Headers */,
				8DE8237215EF54B800F74908 /* SocketDefines.h in Headers */,
				8DE8237415EF54B800F74908 /* SocketGarbageCollector.h in Headers */,
				8D25810819D40C3A00E8FD15 /* cpuid.h in Headers */,
				8D922D2D1935F1FF004EDA29 /* trees.h in Headers */,
				8DE8237615EF54B800F74908 /* SocketLinux.h in Headers */,
				8DE8237815EF54B800F74908 /* SocketMac.h in Headers */,
				8D922D371935F28D004EDA29 /* IO.h in Headers */,
				8D25810319D40C3A00E8FD15 /* CCommon.h in Headers */,
				8D922D2B1935F1FF004EDA29 /* inftrees.h in Headers */,
				8DE8237A15EF54B800F74908 /* SocketMgrLinux.h in Headers */,
				8DE8237C15EF54B800F74908 /* SocketMgrMac.h in Headers */,
				8DE8237E15EF54B800F74908 /* SocketMgrWin32.h in Headers */,
				8D922D211935F1FF004EDA29 /* deflate.h in Headers */,
				8DE8237F15EF54B800F74908 /* SocketOps.h in Headers */,
				8DE8238315EF54B800F74908 /* SocketWindows.h in Headers */,
				8DE8238415EF54B800F74908 /* ByteBuffer.h in Headers */,
				8D922D271935F1FF004EDA29 /* inffixed.h in Headers */,
				8D2580FF19D40C3A00E8FD15 /* base64.h in Headers */,
				8D922D291935F1FF004EDA29 /* inflate.h in Headers */,
				8DE8238615EF54B800F74908 /* GeewaPacket.h in Headers */,
				8D922D321935F1FF004EDA29 /* zutil.h in Headers */,
				8DE8238715EF54B800F74908 /* Packets.h in Headers */,
				8DE8238815EF54B800F74908 /* StackBuffer.h in Headers */,
				8D25810719D40C3A00E8FD15 /* CVector.h in Headers */,
				8D25810A19D40C3A00E8FD15 /* crc32_sse.h in Headers */,
				8D25810119D40C3A00E8FD15 /* CByteBuffer.h in Headers */,
				8DE8238B15EF54B800F74908 /* Singleton.h in Headers */,
				8DE8238D15EF54B800F74908 /* LockingPtr.h in Headers */,
				8DE8239015EF54B800F74908 /* ThreadContext.h in Headers */,
				8DE8239115EF54B800F74908 /* Threading.h in Headers */,
				8D922D2F1935F1FF004EDA29 /* zconf.h in Headers */,
				8D922D261935F1FF004EDA29 /* inffast.h in Headers */,
				8DE8239315EF54B800F74908 /* ThreadPool.h in Headers */,
			);
			runOnlyForDeploymentPostprocessing = 0;
		};
/* End PBXHeadersBuildPhase section */

/* Begin PBXNativeTarget section */
		8DE8231515EF544700F74908 /* shared */ = {
			isa = PBXNativeTarget;
			buildConfigurationList = 8DE8231715EF544700F74908 /* Build configuration list for PBXNativeTarget "shared" */;
			buildPhases = (
				8DE8231215EF544700F74908 /* Sources */,
				8DE8231315EF544700F74908 /* Frameworks */,
				8DE8231415EF544700F74908 /* Headers */,
			);
			buildRules = (
			);
			dependencies = (
			);
			name = shared;
			productName = shared;
			productReference = 8DE8231615EF544700F74908 /* libshared.a */;
			productType = "com.apple.product-type.library.static";
		};
		8DE8239815EF55DA00F74908 /* TransDBTester */ = {
			isa = PBXNativeTarget;
			buildConfigurationList = 8DE823A015EF55DA00F74908 /* Build configuration list for PBXNativeTarget "TransDBTester" */;
			buildPhases = (
				8DE8239515EF55DA00F74908 /* Sources */,
				8DE8239615EF55DA00F74908 /* Frameworks */,
				8DE8239715EF55DA00F74908 /* CopyFiles */,
			);
			buildRules = (
			);
			dependencies = (
			);
			name = TransDBTester;
			productName = TransDBTester;
			productReference = 8DE8239915EF55DA00F74908 /* TransDBTester */;
			productType = "com.apple.product-type.tool";
		};
/* End PBXNativeTarget section */

/* Begin PBXProject section */
		8DE8230215EF542200F74908 /* Project object */ = {
			isa = PBXProject;
			attributes = {
				LastUpgradeCheck = 0500;
				ORGANIZATIONNAME = "Miroslav Kudrnac";
			};
			buildConfigurationList = 8DE8230515EF542200F74908 /* Build configuration list for PBXProject "TransDBTester" */;
			compatibilityVersion = "Xcode 3.2";
			developmentRegion = English;
			hasScannedForEncodings = 0;
			knownRegions = (
				en,
			);
			mainGroup = 8DE8230015EF542200F74908;
			productRefGroup = 8DE8230C15EF542200F74908 /* Products */;
			projectDirPath = "";
			projectRoot = "";
			targets = (
				8DE8239815EF55DA00F74908 /* TransDBTester */,
				8DE8231515EF544700F74908 /* shared */,
			);
		};
/* End PBXProject section */

/* Begin PBXSourcesBuildPhase section */
		8DE8231215EF544700F74908 /* Sources */ = {
			isa = PBXSourcesBuildPhase;
			buildActionMask = 2147483647;
			files = (
				8DE8235E15EF54B800F74908 /* Crypt.cpp in Sources */,
				8DE8236015EF54B800F74908 /* CallBack.cpp in Sources */,
				8DE8236215EF54B800F74908 /* CommonFunctions.cpp in Sources */,
				8D922D201935F1FF004EDA29 /* deflate.c in Sources */,
				8DE8236415EF54B800F74908 /* Config.cpp in Sources */,
				8DE8236615EF54B800F74908 /* Defines.cpp in Sources */,
				8D922D2A1935F1FF004EDA29 /* inftrees.c in Sources */,
				8DE8236915EF54B800F74908 /* Log.cpp in Sources */,
				8DE8236D15EF54B800F74908 /* CircularBuffer.cpp in Sources */,
				8D922D241935F1FF004EDA29 /* infback.c in Sources */,
				8DE8237315EF54B800F74908 /* SocketGarbageCollector.cpp in Sources */,
				8DE8237515EF54B800F74908 /* SocketLinux.cpp in Sources */,
				8DE8237715EF54B800F74908 /* SocketMac.cpp in Sources */,
				8D25810019D40C3A00E8FD15 /* CByteBuffer.c in Sources */,
				8DE8237915EF54B800F74908 /* SocketMgrLinux.cpp in Sources */,
				8DE8237B15EF54B800F74908 /* SocketMgrMac.cpp in Sources */,
				8D922D1E1935F1FF004EDA29 /* crc32.c in Sources */,
				8DE8237D15EF54B800F74908 /* SocketMgrWin32.cpp in Sources */,
				8DE8238015EF54B800F74908 /* SocketOpsLinux.cpp in Sources */,
				8D922D281935F1FF004EDA29 /* inflate.c in Sources */,
				8D922D2C1935F1FF004EDA29 /* trees.c in Sources */,
				8D922D1C1935F1FF004EDA29 /* adler32.c in Sources */,
				8D25810419D40C3A00E8FD15 /* avl.c in Sources */,
				8D922D361935F28D004EDA29 /* IO.cpp in Sources */,
				8D25810919D40C3A00E8FD15 /* crc32_sse.c in Sources */,
				8DE8238115EF54B800F74908 /* SocketOpsWin32.cpp in Sources */,
				8D922D221935F1FF004EDA29 /* gzclose.c in Sources */,
				8D922D251935F1FF004EDA29 /* inffast.c in Sources */,
				8D922D311935F1FF004EDA29 /* zutil.c in Sources */,
				8DE8238215EF54B800F74908 /* SocketWindows.cpp in Sources */,
				8DE8238515EF54B800F74908 /* GeewaPacket.cpp in Sources */,
				8DE8239215EF54B800F74908 /* ThreadPool.cpp in Sources */,
				8D25810219D40C3A00E8FD15 /* CCommon.c in Sources */,
				8D25810619D40C3A00E8FD15 /* CVector.c in Sources */,
				8D922D2E1935F1FF004EDA29 /* uncompr.c in Sources */,
				8D2580FE19D40C3A00E8FD15 /* base64.c in Sources */,
				8D922D1D1935F1FF004EDA29 /* compress.c in Sources */,
			);
			runOnlyForDeploymentPostprocessing = 0;
		};
		8DE8239515EF55DA00F74908 /* Sources */ = {
			isa = PBXSourcesBuildPhase;
			buildActionMask = 2147483647;
			files = (
				8DE823A415EF560300F74908 /* main.cpp in Sources */,
				8DE823A715EF565700F74908 /* ClientSocket.cpp in Sources */,
				8D4C833E18AE6C060033604D /* Testing.cpp in Sources */,
				8DE823AA15EF593800F74908 /* Launcher.cpp in Sources */,
			);
			runOnlyForDeploymentPostprocessing = 0;
		};
/* End PBXSourcesBuildPhase section */

/* Begin XCBuildConfiguration section */
		8DE8230D15EF542200F74908 /* Debug */ = {
			isa = XCBuildConfiguration;
			buildSettings = {
				CLANG_CXX_LANGUAGE_STANDARD = "c++0x";
				CLANG_WARN__DUPLICATE_METHOD_MATCH = YES;
				COPY_PHASE_STRIP = NO;
				GCC_DYNAMIC_NO_PIC = NO;
				GCC_ENABLE_OBJC_EXCEPTIONS = YES;
				GCC_OPTIMIZATION_LEVEL = 0;
				GCC_PREPROCESSOR_DEFINITIONS = (
					"DEBUG=1",
					"$(inherited)",
				);
				GCC_SYMBOLS_PRIVATE_EXTERN = NO;
				GCC_WARN_64_TO_32_BIT_CONVERSION = YES;
				GCC_WARN_ABOUT_RETURN_TYPE = YES;
				GCC_WARN_UNINITIALIZED_AUTOS = YES;
				GCC_WARN_UNUSED_VARIABLE = YES;
				ONLY_ACTIVE_ARCH = YES;
				USER_HEADER_SEARCH_PATHS = "\"../tbb/include\"";
			};
			name = Debug;
		};
		8DE8230E15EF542200F74908 /* Release */ = {
			isa = XCBuildConfiguration;
			buildSettings = {
				CLANG_CXX_LANGUAGE_STANDARD = "c++0x";
				CLANG_WARN__DUPLICATE_METHOD_MATCH = YES;
				COPY_PHASE_STRIP = YES;
				DEBUG_INFORMATION_FORMAT = "dwarf-with-dsym";
				GCC_ENABLE_OBJC_EXCEPTIONS = YES;
				GCC_OPTIMIZATION_LEVEL = 2;
				GCC_WARN_64_TO_32_BIT_CONVERSION = YES;
				GCC_WARN_ABOUT_RETURN_TYPE = YES;
				GCC_WARN_UNINITIALIZED_AUTOS = YES;
				GCC_WARN_UNUSED_VARIABLE = YES;
				USER_HEADER_SEARCH_PATHS = "\"../tbb/include\"";
			};
			name = Release;
		};
		8DE8231815EF544700F74908 /* Debug */ = {
			isa = XCBuildConfiguration;
			buildSettings = {
				EXECUTABLE_PREFIX = lib;
				PRODUCT_NAME = "$(TARGET_NAME)";
			};
			name = Debug;
		};
		8DE8231915EF544700F74908 /* Release */ = {
			isa = XCBuildConfiguration;
			buildSettings = {
				EXECUTABLE_PREFIX = lib;
				PRODUCT_NAME = "$(TARGET_NAME)";
			};
			name = Release;
		};
		8DE823A115EF55DA00F74908 /* Debug */ = {
			isa = XCBuildConfiguration;
			buildSettings = {
				LIBRARY_SEARCH_PATHS = (
					"$(inherited)",
					"\"$(SRCROOT)/../tbb/lib\"",
				);
				PRODUCT_NAME = "$(TARGET_NAME)";
			};
			name = Debug;
		};
		8DE823A215EF55DA00F74908 /* Release */ = {
			isa = XCBuildConfiguration;
			buildSettings = {
				LIBRARY_SEARCH_PATHS = (
					"$(inherited)",
					"\"$(SRCROOT)/../tbb/lib\"",
				);
				PRODUCT_NAME = "$(TARGET_NAME)";
			};
			name = Release;
		};
/* End XCBuildConfiguration section */

/* Begin XCConfigurationList section */
		8DE8230515EF542200F74908 /* Build configuration list for PBXProject "TransDBTester" */ = {
			isa = XCConfigurationList;
			buildConfigurations = (
				8DE8230D15EF542200F74908 /* Debug */,
				8DE8230E15EF542200F74908 /* Release */,
			);
			defaultConfigurationIsVisible = 0;
			defaultConfigurationName = Release;
		};
		8DE8231715EF544700F74908 /* Build configuration list for PBXNativeTarget "shared" */ = {
			isa = XCConfigurationList;
			buildConfigurations = (
				8DE8231815EF544700F74908 /* Debug */,
				8DE8231915EF544700F74908 /* Release */,
			);
			defaultConfigurationIsVisible = 0;
			defaultConfigurationName = Release;
		};
		8DE823A015EF55DA00F74908 /* Build configuration list for PBXNativeTarget "TransDBTester" */ = {
			isa = XCConfigurationList;
			buildConfigurations = (
				8DE823A115EF55DA00F74908 /* Debug */,
				8DE823A215EF55DA00F74908 /* Release */,
			);
			defaultConfigurationIsVisible = 0;
			defaultConfigurationName = Release;
		};
/* End XCConfigurationList section */
	};
	rootObject = 8DE8230215EF542200F74908 /* Project object */;
}
