<?xml version="1.0" encoding="utf-8"?>
<Project ToolsVersion="4.0" xmlns="http://schemas.microsoft.com/developer/msbuild/2003">
  <ItemGroup>
    <ClCompile Include="..\..\src\shared\CallBack.cpp" />
    <ClCompile Include="..\..\src\shared\CommonFunctions.cpp" />
    <ClCompile Include="..\..\src\shared\Defines.cpp" />
    <ClCompile Include="..\..\src\shared\Auth\Crypt.cpp">
      <Filter>Auth</Filter>
    </ClCompile>
    <ClCompile Include="..\..\src\shared\Config\Config.cpp">
      <Filter>Config</Filter>
    </ClCompile>
    <ClCompile Include="..\..\src\shared\Logs\Log.cpp">
      <Filter>Logs</Filter>
    </ClCompile>
    <ClCompile Include="..\..\src\shared\Packets\GeewaPacket.cpp">
      <Filter>Packets</Filter>
    </ClCompile>
    <ClCompile Include="..\..\src\shared\Threading\ThreadPool.cpp">
      <Filter>Threading</Filter>
    </ClCompile>
    <ClCompile Include="..\..\src\shared\Network\SocketGarbageCollector.cpp">
      <Filter>Network</Filter>
    </ClCompile>
    <ClCompile Include="..\..\src\shared\Network\SocketLinux.cpp">
      <Filter>Network</Filter>
    </ClCompile>
    <ClCompile Include="..\..\src\shared\Network\SocketMac.cpp">
      <Filter>Network</Filter>
    </ClCompile>
    <ClCompile Include="..\..\src\shared\Network\SocketMgrLinux.cpp">
      <Filter>Network</Filter>
    </ClCompile>
    <ClCompile Include="..\..\src\shared\Network\SocketMgrMac.cpp">
      <Filter>Network</Filter>
    </ClCompile>
    <ClCompile Include="..\..\src\shared\Network\SocketMgrWin32.cpp">
      <Filter>Network</Filter>
    </ClCompile>
    <ClCompile Include="..\..\src\shared\Network\SocketOpsLinux.cpp">
      <Filter>Network</Filter>
    </ClCompile>
    <ClCompile Include="..\..\src\shared\Network\SocketOpsWin32.cpp">
      <Filter>Network</Filter>
    </ClCompile>
    <ClCompile Include="..\..\src\shared\Network\SocketWindows.cpp">
      <Filter>Network</Filter>
    </ClCompile>
    <ClCompile Include="..\..\src\shared\Network\CircularBuffer.cpp">
      <Filter>Network</Filter>
    </ClCompile>
    <ClCompile Include="..\..\src\shared\CrashHandler.cpp" />
    <ClCompile Include="..\..\src\shared\StackWalker.cpp" />
    <ClCompile Include="..\..\src\shared\zlib\adler32.c">
      <Filter>zlib</Filter>
    </ClCompile>
    <ClCompile Include="..\..\src\shared\zlib\compress.c">
      <Filter>zlib</Filter>
    </ClCompile>
    <ClCompile Include="..\..\src\shared\zlib\crc32.c">
      <Filter>zlib</Filter>
    </ClCompile>
    <ClCompile Include="..\..\src\shared\zlib\deflate.c">
      <Filter>zlib</Filter>
    </ClCompile>
    <ClCompile Include="..\..\src\shared\zlib\gzclose.c">
      <Filter>zlib</Filter>
    </ClCompile>
    <ClCompile Include="..\..\src\shared\zlib\infback.c">
      <Filter>zlib</Filter>
    </ClCompile>
    <ClCompile Include="..\..\src\shared\zlib\inffast.c">
      <Filter>zlib</Filter>
    </ClCompile>
    <ClCompile Include="..\..\src\shared\zlib\inflate.c">
      <Filter>zlib</Filter>
    </ClCompile>
    <ClCompile Include="..\..\src\shared\zlib\inftrees.c">
      <Filter>zlib</Filter>
    </ClCompile>
    <ClCompile Include="..\..\src\shared\zlib\trees.c">
      <Filter>zlib</Filter>
    </ClCompile>
    <ClCompile Include="..\..\src\shared\zlib\uncompr.c">
      <Filter>zlib</Filter>
    </ClCompile>
    <ClCompile Include="..\..\src\shared\zlib\zutil.c">
      <Filter>zlib</Filter>
    </ClCompile>
    <ClCompile Include="..\..\src\shared\IO\IO.cpp">
      <Filter>IO</Filter>
    </ClCompile>
    <ClCompile Include="..\..\src\shared\Packets\http_parser.c">
      <Filter>Packets</Filter>
    </ClCompile>
    <ClCompile Include="..\..\src\shared\clib\base64\base64.c">
      <Filter>clib\base64</Filter>
    </ClCompile>
    <ClCompile Include="..\..\src\shared\clib\Buffers\CByteBuffer.c">
      <Filter>clib\Buffers</Filter>
    </ClCompile>
    <ClCompile Include="..\..\src\shared\clib\Containers\avl.c">
      <Filter>clib\Containers</Filter>
    </ClCompile>
    <ClCompile Include="..\..\src\shared\clib\Containers\CVector.c">
      <Filter>clib\Containers</Filter>
    </ClCompile>
    <ClCompile Include="..\..\src\shared\clib\CCommon.c">
      <Filter>clib</Filter>
    </ClCompile>
    <ClCompile Include="..\..\src\shared\clib\Crc32\crc32_sse.c">
      <Filter>clib\Crc32</Filter>
    </ClCompile>
  </ItemGroup>
  <ItemGroup>
    <ClInclude Include="..\..\src\shared\CallBack.h" />
    <ClInclude Include="..\..\src\shared\CommonFunctions.h" />
    <ClInclude Include="..\..\src\shared\Defines.h" />
    <ClInclude Include="..\..\src\shared\Enums.h" />
    <ClInclude Include="..\..\src\shared\Singleton.h" />
    <ClInclude Include="..\..\src\shared\Structs.h" />
    <ClInclude Include="..\..\src\shared\Auth\Crypt.h">
      <Filter>Auth</Filter>
    </ClInclude>
    <ClInclude Include="..\..\src\shared\Config\Config.h">
      <Filter>Config</Filter>
    </ClInclude>
    <ClInclude Include="..\..\src\shared\Logs\Log.h">
      <Filter>Logs</Filter>
    </ClInclude>
    <ClInclude Include="..\..\src\shared\Network\BaseSocket.h">
      <Filter>Network</Filter>
    </ClInclude>
    <ClInclude Include="..\..\src\shared\Packets\ByteBuffer.h">
      <Filter>Packets</Filter>
    </ClInclude>
    <ClInclude Include="..\..\src\shared\Packets\Packets.h">
      <Filter>Packets</Filter>
    </ClInclude>
    <ClInclude Include="..\..\src\shared\Packets\GeewaPacket.h">
      <Filter>Packets</Filter>
    </ClInclude>
    <ClInclude Include="..\..\src\shared\Packets\StackBuffer.h">
      <Filter>Packets</Filter>
    </ClInclude>
    <ClInclude Include="..\..\src\shared\Threading\ThreadPool.h">
      <Filter>Threading</Filter>
    </ClInclude>
    <ClInclude Include="..\..\src\shared\Threading\ThreadContext.h">
      <Filter>Threading</Filter>
    </ClInclude>
    <ClInclude Include="..\..\src\shared\Threading\Threading.h">
      <Filter>Threading</Filter>
    </ClInclude>
    <ClInclude Include="..\..\src\shared\Threading\LockingPtr.h">
      <Filter>Threading</Filter>
    </ClInclude>
    <ClInclude Include="..\..\src\shared\Network\ListenSocketLinux.h">
      <Filter>Network</Filter>
    </ClInclude>
    <ClInclude Include="..\..\src\shared\Network\ListenSocketWin32.h">
      <Filter>Network</Filter>
    </ClInclude>
    <ClInclude Include="..\..\src\shared\Network\SocketDefines.h">
      <Filter>Network</Filter>
    </ClInclude>
    <ClInclude Include="..\..\src\shared\Network\SocketWindows.h">
      <Filter>Network</Filter>
    </ClInclude>
    <ClInclude Include="..\..\src\shared\Network\SocketGarbageCollector.h">
      <Filter>Network</Filter>
    </ClInclude>
    <ClInclude Include="..\..\src\shared\Network\SocketLinux.h">
      <Filter>Network</Filter>
    </ClInclude>
    <ClInclude Include="..\..\src\shared\Network\SocketMac.h">
      <Filter>Network</Filter>
    </ClInclude>
    <ClInclude Include="..\..\src\shared\Network\SocketMgrLinux.h">
      <Filter>Network</Filter>
    </ClInclude>
    <ClInclude Include="..\..\src\shared\Network\SocketMgrMac.h">
      <Filter>Network</Filter>
    </ClInclude>
    <ClInclude Include="..\..\src\shared\Network\SocketMgrWin32.h">
      <Filter>Network</Filter>
    </ClInclude>
    <ClInclude Include="..\..\src\shared\Network\SocketOps.h">
      <Filter>Network</Filter>
    </ClInclude>
    <ClInclude Include="..\..\src\shared\Network\Network.h">
      <Filter>Network</Filter>
    </ClInclude>
    <ClInclude Include="..\..\src\shared\Network\CircularBuffer.h">
      <Filter>Network</Filter>
    </ClInclude>
    <ClInclude Include="..\..\src\shared\Memory\MemoryAllocator.h">
      <Filter>Memory</Filter>
    </ClInclude>
    <ClInclude Include="..\..\src\shared\CrashHandler.h" />
    <ClInclude Include="..\..\src\shared\StackWalker.h" />
    <ClInclude Include="..\..\src\shared\Containers\HashMap.h">
      <Filter>Containers</Filter>
    </ClInclude>
    <ClInclude Include="..\..\src\shared\Containers\SortedVector.h">
      <Filter>Containers</Filter>
    </ClInclude>
    <ClInclude Include="..\..\src\shared\Containers\Vector.h">
      <Filter>Containers</Filter>
    </ClInclude>
    <ClInclude Include="..\..\src\shared\zlib\crc32.h">
      <Filter>zlib</Filter>
    </ClInclude>
    <ClInclude Include="..\..\src\shared\zlib\deflate.h">
      <Filter>zlib</Filter>
    </ClInclude>
    <ClInclude Include="..\..\src\shared\zlib\gzguts.h">
      <Filter>zlib</Filter>
    </ClInclude>
    <ClInclude Include="..\..\src\shared\zlib\inffast.h">
      <Filter>zlib</Filter>
    </ClInclude>
    <ClInclude Include="..\..\src\shared\zlib\inffixed.h">
      <Filter>zlib</Filter>
    </ClInclude>
    <ClInclude Include="..\..\src\shared\zlib\inflate.h">
      <Filter>zlib</Filter>
    </ClInclude>
    <ClInclude Include="..\..\src\shared\zlib\inftrees.h">
      <Filter>zlib</Filter>
    </ClInclude>
    <ClInclude Include="..\..\src\shared\zlib\trees.h">
      <Filter>zlib</Filter>
    </ClInclude>
    <ClInclude Include="..\..\src\shared\zlib\zconf.h">
      <Filter>zlib</Filter>
    </ClInclude>
    <ClInclude Include="..\..\src\shared\zlib\zlib.h">
      <Filter>zlib</Filter>
    </ClInclude>
    <ClInclude Include="..\..\src\shared\zlib\zutil.h">
      <Filter>zlib</Filter>
    </ClInclude>
    <ClInclude Include="..\..\src\shared\IO\IO.h">
      <Filter>IO</Filter>
    </ClInclude>
    <ClInclude Include="..\..\src\shared\Packets\http_parser.h">
      <Filter>Packets</Filter>
    </ClInclude>
    <ClInclude Include="..\..\src\shared\clib\base64\base64.h">
      <Filter>clib\base64</Filter>
    </ClInclude>
    <ClInclude Include="..\..\src\shared\clib\Buffers\CByteBuffer.h">
      <Filter>clib\Buffers</Filter>
    </ClInclude>
    <ClInclude Include="..\..\src\shared\clib\Containers\avl.h">
      <Filter>clib\Containers</Filter>
    </ClInclude>
    <ClInclude Include="..\..\src\shared\clib\Containers\CVector.h">
      <Filter>clib\Containers</Filter>
    </ClInclude>
    <ClInclude Include="..\..\src\shared\clib\Log\CLog.h">
      <Filter>clib\Log</Filter>
    </ClInclude>
    <ClInclude Include="..\..\src\shared\clib\CCommon.h">
      <Filter>clib</Filter>
    </ClInclude>
    <ClInclude Include="..\..\src\shared\clib\cpuid.h">
      <Filter>clib</Filter>
    </ClInclude>
    <ClInclude Include="..\..\src\shared\clib\Crc32\crc32_sse.h">
      <Filter>clib\Crc32</Filter>
    </ClInclude>
  </ItemGroup>
  <ItemGroup>
    <Filter Include="Auth">
      <UniqueIdentifier>{e48a9996-7e29-4800-b334-4614ee77c266}</UniqueIdentifier>
    </Filter>
    <Filter Include="Config">
      <UniqueIdentifier>{73a35c56-dd9d-489e-a462-209dfd415243}</UniqueIdentifier>
    </Filter>
    <Filter Include="Logs">
      <UniqueIdentifier>{c3b830e2-17c2-4fad-8a43-5bb444290bf5}</UniqueIdentifier>
    </Filter>
    <Filter Include="Network">
      <UniqueIdentifier>{ec223ce5-0c25-4b40-95fb-9a993378024a}</UniqueIdentifier>
    </Filter>
    <Filter Include="Packets">
      <UniqueIdentifier>{cfee697b-bdf9-42a4-bb80-b21f98c8d003}</UniqueIdentifier>
    </Filter>
    <Filter Include="Threading">
      <UniqueIdentifier>{6cbdb2d7-9577-486c-8830-4a3abe62ed38}</UniqueIdentifier>
    </Filter>
    <Filter Include="Memory">
      <UniqueIdentifier>{8647b14d-d82e-414f-8904-094b66c62ad3}</UniqueIdentifier>
    </Filter>
    <Filter Include="Containers">
      <UniqueIdentifier>{68d8b4c7-9c17-4117-8fad-2df822b3cbe8}</UniqueIdentifier>
    </Filter>
    <Filter Include="zlib">
      <UniqueIdentifier>{b0000bdd-5fd7-41ad-b6ab-811ce8a64bca}</UniqueIdentifier>
    </Filter>
    <Filter Include="IO">
      <UniqueIdentifier>{859f9142-6675-4cad-b7ec-ca646158956e}</UniqueIdentifier>
    </Filter>
    <Filter Include="clib">
      <UniqueIdentifier>{0ee56cd5-b6c2-4480-a524-561abeb7648e}</UniqueIdentifier>
    </Filter>
    <Filter Include="clib\base64">
      <UniqueIdentifier>{21ac650c-2bfb-4376-9e30-fa80a7b95b8a}</UniqueIdentifier>
    </Filter>
    <Filter Include="clib\Buffers">
      <UniqueIdentifier>{2fcfd9b5-8109-4d64-85c9-d9bf0d45d816}</UniqueIdentifier>
    </Filter>
    <Filter Include="clib\Containers">
      <UniqueIdentifier>{beb6919c-e089-425a-bb68-9dc3b68a2a51}</UniqueIdentifier>
    </Filter>
    <Filter Include="clib\Crc32">
      <UniqueIdentifier>{a1e6e151-585f-4a42-b1db-1c53236af191}</UniqueIdentifier>
    </Filter>
    <Filter Include="clib\Log">
      <UniqueIdentifier>{02061919-c911-4ab8-9192-4db0ec127a09}</UniqueIdentifier>
    </Filter>
  </ItemGroup>
</Project>