<?xml version="1.0" encoding="utf-8"?>
<Project ToolsVersion="4.0" xmlns="http://schemas.microsoft.com/developer/msbuild/2003">
  <ItemGroup>
    <ClCompile Include="..\..\src\tester\ClientSocket.cpp" />
    <ClCompile Include="..\..\src\tester\Launcher.cpp" />
    <ClCompile Include="..\..\src\tester\main.cpp" />
  </ItemGroup>
  <ItemGroup>
    <ClInclude Include="..\..\src\tester\ClientSocket.h" />
    <ClInclude Include="..\..\src\tester\Launcher.h" />
    <ClInclude Include="..\..\src\tester\main.h" />
  </ItemGroup>
</Project>